
Microsoft Visual Studio Solution File, Format Version 12.00
# Visual Studio 2013
VisualStudioVersion = 12.0.40629.0
MinimumVisualStudioVersion = 10.0.40219.1
Project("{FAE04EC0-301F-11D3-BF4B-00C04F79EFBC}") = "WebBanQuanAo", "WebBanQuanAo\WebBanQuanAo.csproj", "{077723B8-9AD2-496D-991A-0C3669C9B440}"
EndProject
Project("{FAE04EC0-301F-11D3-BF4B-00C04F79EFBC}") = "Models", "Models\Models.csproj", "{A251CDE9-A494-42CD-87AF-4E4F183BBECD}"
EndProject
Global
	GlobalSection(SolutionConfigurationPlatforms) = preSolution
		Debug|Any CPU = Debug|Any CPU
		Release|Any CPU = Release|Any CPU
	EndGlobalSection
	GlobalSection(ProjectConfigurationPlatforms) = postSolution
		{077723B8-9AD2-496D-991A-0C3669C9B440}.Debug|Any CPU.ActiveCfg = Debug|Any CPU
		{077723B8-9AD2-496D-991A-0C3669C9B440}.Debug|Any CPU.Build.0 = Debug|Any CPU
		{077723B8-9AD2-496D-991A-0C3669C9B440}.Release|Any CPU.ActiveCfg = Release|Any CPU
		{077723B8-9AD2-496D-991A-0C3669C9B440}.Release|Any CPU.Build.0 = Release|Any CPU
		{A251CDE9-A494-42CD-87AF-4E4F183BBECD}.Debug|Any CPU.ActiveCfg = Debug|Any CPU
		{A251CDE9-A494-42CD-87AF-4E4F183BBECD}.Debug|Any CPU.Build.0 = Debug|Any CPU
		{A251CDE9-A494-42CD-87AF-4E4F183BBECD}.Release|Any CPU.ActiveCfg = Release|Any CPU
		{A251CDE9-A494-42CD-87AF-4E4F183BBECD}.Release|Any CPU.Build.0 = Release|Any CPU
	EndGlobalSection
	GlobalSection(SolutionProperties) = preSolution
		HideSolutionNode = FALSE
	EndGlobalSection
EndGlobal
